
Microsoft Visual Studio Solution File, Format Version 12.00
# Visual Studio Version 16
VisualStudioVersion = 16.0.29215.179
MinimumVisualStudioVersion = 10.0.40219.1
Project("{FAE04EC0-301F-11D3-BF4B-00C04F79EFBC}") = "Font Loader", "Font Loader\Font Loader.csproj", "{1D544CC3-D7B6-4E0D-B6FE-F1AE294616A8}"
EndProject
Global
	GlobalSection(SolutionConfigurationPlatforms) = preSolution
		Debug|Any CPU = Debug|Any CPU
		Release|Any CPU = Release|Any CPU
	EndGlobalSection
	GlobalSection(ProjectConfigurationPlatforms) = postSolution
		{1D544CC3-D7B6-4E0D-B6FE-F1AE294616A8}.Debug|Any CPU.ActiveCfg = Debug|Any CPU
		{1D544CC3-D7B6-4E0D-B6FE-F1AE294616A8}.Debug|Any CPU.Build.0 = Debug|Any CPU
		{1D544CC3-D7B6-4E0D-B6FE-F1AE294616A8}.Release|Any CPU.ActiveCfg = Release|Any CPU
		{1D544CC3-D7B6-4E0D-B6FE-F1AE294616A8}.Release|Any CPU.Build.0 = Release|Any CPU
	EndGlobalSection
	GlobalSection(SolutionProperties) = preSolution
		HideSolutionNode = FALSE
	EndGlobalSection
	GlobalSection(ExtensibilityGlobals) = postSolution
		SolutionGuid = {23EF6F77-CF12-40D7-9E9B-3C7699CA2559}
	EndGlobalSection
EndGlobal
